<?xml version="1.0" encoding="utf-8"?>
<Project ToolsVersion="4.0" xmlns="http://schemas.microsoft.com/developer/msbuild/2003">
  <ItemGroup>
    <ClCompile Include="src\Input.cpp">
      <Filter>Source Files</Filter>
    </ClCompile>
    <ClCompile Include="src\LiquidCrystal.cpp">
      <Filter>Source Files</Filter>
    </ClCompile>
    <ClCompile Include="src\Net.cpp">
      <Filter>Source Files</Filter>
    </ClCompile>
    <ClCompile Include="src\TimePoint.cpp">
      <Filter>Source Files</Filter>
    </ClCompile>
    <ClCompile Include="src\Timer.cpp">
      <Filter>Source Files</Filter>
    </ClCompile>
    <ClCompile Include="main.cpp" />
    <ClCompile Include="src\StringUtility.cpp">
      <Filter>Source Files</Filter>
    </ClCompile>
    <ClCompile Include="src\FileSystem.cpp" />
    <ClCompile Include="src\ssd1306_i2c.cpp" />
    <ClCompile Include="src\OLED.cpp" />
    <ClCompile Include="src\Axis.cpp" />
  </ItemGroup>
  <ItemGroup>
    <ClInclude Include="include\Input.h">
      <Filter>Header Files</Filter>
    </ClInclude>
    <ClInclude Include="include\LiquidCrystal.h">
      <Filter>Header Files</Filter>
    </ClInclude>
    <ClInclude Include="include\Timer.h">
      <Filter>Header Files</Filter>
    </ClInclude>
    <ClInclude Include="include\TimePoint.h">
      <Filter>Header Files</Filter>
    </ClInclude>
    <ClInclude Include="include\Net.h">
      <Filter>Header Files</Filter>
    </ClInclude>
    <ClInclude Include="include\StringUtilty.h">
      <Filter>Header Files</Filter>
    </ClInclude>
    <ClInclude Include="include\OptionParser.h" />
    <ClInclude Include="include\INIReader.h" />
    <ClInclude Include="include\FileSystem.h" />
    <ClInclude Include="include\ssd1306_i2c.h" />
    <ClInclude Include="include\OLED.h" />
    <ClInclude Include="include\OLED_Fonts.h" />
    <ClInclude Include="include\OLED_Commands.h" />
    <ClInclude Include="include\Axis.h" />
  </ItemGroup>
  <ItemGroup>
    <Filter Include="Header Files">
      <UniqueIdentifier>{d19daaec-38ae-4525-809a-8d8e836232c3}</UniqueIdentifier>
    </Filter>
    <Filter Include="Source Files">
      <UniqueIdentifier>{8df180b3-754b-42aa-9d17-b1a25f7145b7}</UniqueIdentifier>
    </Filter>
  </ItemGroup>
  <ItemGroup>
    <None Include="data\config.ini" />
  </ItemGroup>
</Project>